// !$*UTF8*$!
{
	archiveVersion = 1;
	classes = {
	};
	objectVersion = 46;
	objects = {

/* Begin PBXBuildFile section */
		B2828BD11D3FA77F00B0E53F /* main.m in Sources */ = {isa = PBXBuildFile; fileRef = B2828BD01D3FA77F00B0E53F /* main.m */; };
		B2828BD41D3FA77F00B0E53F /* AppDelegate.m in Sources */ = {isa = PBXBuildFile; fileRef = B2828BD31D3FA77F00B0E53F /* AppDelegate.m */; };
		B2828BD71D3FA77F00B0E53F /* ViewController.m in Sources */ = {isa = PBXBuildFile; fileRef = B2828BD61D3FA77F00B0E53F /* ViewController.m */; };
		B2828BDA1D3FA77F00B0E53F /* Main.storyboard in Resources */ = {isa = PBXBuildFile; fileRef = B2828BD81D3FA77F00B0E53F /* Main.storyboard */; };
		B2828BDC1D3FA77F00B0E53F /* Assets.xcassets in Resources */ = {isa = PBXBuildFile; fileRef = B2828BDB1D3FA77F00B0E53F /* Assets.xcassets */; };
		B2828BDF1D3FA77F00B0E53F /* LaunchScreen.storyboard in Resources */ = {isa = PBXBuildFile; fileRef = B2828BDD1D3FA77F00B0E53F /* LaunchScreen.storyboard */; };
		B2828BEA1D3FA77F00B0E53F /* LQJPersonalLessonTests.m in Sources */ = {isa = PBXBuildFile; fileRef = B2828BE91D3FA77F00B0E53F /* LQJPersonalLessonTests.m */; };
		B2828BF51D3FA77F00B0E53F /* LQJPersonalLessonUITests.m in Sources */ = {isa = PBXBuildFile; fileRef = B2828BF41D3FA77F00B0E53F /* LQJPersonalLessonUITests.m */; };
/* End PBXBuildFile section */

/* Begin PBXContainerItemProxy section */
		B2828BE61D3FA77F00B0E53F /* PBXContainerItemProxy */ = {
			isa = PBXContainerItemProxy;
			containerPortal = B2828BC41D3FA77F00B0E53F /* Project object */;
			proxyType = 1;
			remoteGlobalIDString = B2828BCB1D3FA77F00B0E53F;
			remoteInfo = LQJPersonalLesson;
		};
		B2828BF11D3FA77F00B0E53F /* PBXContainerItemProxy */ = {
			isa = PBXContainerItemProxy;
			containerPortal = B2828BC41D3FA77F00B0E53F /* Project object */;
			proxyType = 1;
			remoteGlobalIDString = B2828BCB1D3FA77F00B0E53F;
			remoteInfo = LQJPersonalLesson;
		};
/* End PBXContainerItemProxy section */

/* Begin PBXFileReference section */
		B2828BCC1D3FA77F00B0E53F /* LQJPersonalLesson.app */ = {isa = PBXFileReference; explicitFileType = wrapper.application; includeInIndex = 0; path = LQJPersonalLesson.app; sourceTree = BUILT_PRODUCTS_DIR; };
		B2828BD01D3FA77F00B0E53F /* main.m */ = {isa = PBXFileReference; lastKnownFileType = sourcecode.c.objc; path = main.m; sourceTree = "<group>"; };
		B2828BD21D3FA77F00B0E53F /* AppDelegate.h */ = {isa = PBXFileReference; lastKnownFileType = sourcecode.c.h; path = AppDelegate.h; sourceTree = "<group>"; };
		B2828BD31D3FA77F00B0E53F /* AppDelegate.m */ = {isa = PBXFileReference; lastKnownFileType = sourcecode.c.objc; path = AppDelegate.m; sourceTree = "<group>"; };
		B2828BD51D3FA77F00B0E53F /* ViewController.h */ = {isa = PBXFileReference; lastKnownFileType = sourcecode.c.h; path = ViewController.h; sourceTree = "<group>"; };
		B2828BD61D3FA77F00B0E53F /* ViewController.m */ = {isa = PBXFileReference; lastKnownFileType = sourcecode.c.objc; path = ViewController.m; sourceTree = "<group>"; };
		B2828BD91D3FA77F00B0E53F /* Base */ = {isa = PBXFileReference; lastKnownFileType = file.storyboard; name = Base; path = Base.lproj/Main.storyboard; sourceTree = "<group>"; };
		B2828BDB1D3FA77F00B0E53F /* Assets.xcassets */ = {isa = PBXFileReference; lastKnownFileType = folder.assetcatalog; path = Assets.xcassets; sourceTree = "<group>"; };
		B2828BDE1D3FA77F00B0E53F /* Base */ = {isa = PBXFileReference; lastKnownFileType = file.storyboard; name = Base; path = Base.lproj/LaunchScreen.storyboard; sourceTree = "<group>"; };
		B2828BE01D3FA77F00B0E53F /* Info.plist */ = {isa = PBXFileReference; lastKnownFileType = text.plist.xml; path = Info.plist; sourceTree = "<group>"; };
		B2828BE51D3FA77F00B0E53F /* LQJPersonalLessonTests.xctest */ = {isa = PBXFileReference; explicitFileType = wrapper.cfbundle; includeInIndex = 0; path = LQJPersonalLessonTests.xctest; sourceTree = BUILT_PRODUCTS_DIR; };
		B2828BE91D3FA77F00B0E53F /* LQJPersonalLessonTests.m */ = {isa = PBXFileReference; lastKnownFileType = sourcecode.c.objc; path = LQJPersonalLessonTests.m; sourceTree = "<group>"; };
		B2828BEB1D3FA77F00B0E53F /* Info.plist */ = {isa = PBXFileReference; lastKnownFileType = text.plist.xml; path = Info.plist; sourceTree = "<group>"; };
		B2828BF01D3FA77F00B0E53F /* LQJPersonalLessonUITests.xctest */ = {isa = PBXFileReference; explicitFileType = wrapper.cfbundle; includeInIndex = 0; path = LQJPersonalLessonUITests.xctest; sourceTree = BUILT_PRODUCTS_DIR; };
		B2828BF41D3FA77F00B0E53F /* LQJPersonalLessonUITests.m */ = {isa = PBXFileReference; lastKnownFileType = sourcecode.c.objc; path = LQJPersonalLessonUITests.m; sourceTree = "<group>"; };
		B2828BF61D3FA77F00B0E53F /* Info.plist */ = {isa = PBXFileReference; lastKnownFileType = text.plist.xml; path = Info.plist; sourceTree = "<group>"; };
/* End PBXFileReference section */

/* Begin PBXFrameworksBuildPhase section */
		B2828BC91D3FA77F00B0E53F /* Frameworks */ = {
			isa = PBXFrameworksBuildPhase;
			buildActionMask = 2147483647;
			files = (
			);
			runOnlyForDeploymentPostprocessing = 0;
		};
		B2828BE21D3FA77F00B0E53F /* Frameworks */ = {
			isa = PBXFrameworksBuildPhase;
			buildActionMask = 2147483647;
			files = (
			);
			runOnlyForDeploymentPostprocessing = 0;
		};
		B2828BED1D3FA77F00B0E53F /* Frameworks */ = {
			isa = PBXFrameworksBuildPhase;
			buildActionMask = 2147483647;
			files = (
			);
			runOnlyForDeploymentPostprocessing = 0;
		};
/* End PBXFrameworksBuildPhase section */

/* Begin PBXGroup section */
		B2828BC31D3FA77F00B0E53F = {
			isa = PBXGroup;
			children = (
				B2828BCE1D3FA77F00B0E53F /* LQJPersonalLesson */,
				B2828BE81D3FA77F00B0E53F /* LQJPersonalLessonTests */,
				B2828BF31D3FA77F00B0E53F /* LQJPersonalLessonUITests */,
				B2828BCD1D3FA77F00B0E53F /* Products */,
			);
			sourceTree = "<group>";
		};
		B2828BCD1D3FA77F00B0E53F /* Products */ = {
			isa = PBXGroup;
			children = (
				B2828BCC1D3FA77F00B0E53F /* LQJPersonalLesson.app */,
				B2828BE51D3FA77F00B0E53F /* LQJPersonalLessonTests.xctest */,
				B2828BF01D3FA77F00B0E53F /* LQJPersonalLessonUITests.xctest */,
			);
			name = Products;
			sourceTree = "<group>";
		};
		B2828BCE1D3FA77F00B0E53F /* LQJPersonalLesson */ = {
			isa = PBXGroup;
			children = (
				B2828BD21D3FA77F00B0E53F /* AppDelegate.h */,
				B2828BD31D3FA77F00B0E53F /* AppDelegate.m */,
				B2828BD51D3FA77F00B0E53F /* ViewController.h */,
				B2828BD61D3FA77F00B0E53F /* ViewController.m */,
				B2828BD81D3FA77F00B0E53F /* Main.storyboard */,
				B2828BDB1D3FA77F00B0E53F /* Assets.xcassets */,
				B2828BDD1D3FA77F00B0E53F /* LaunchScreen.storyboard */,
				B2828BE01D3FA77F00B0E53F /* Info.plist */,
				B2828BCF1D3FA77F00B0E53F /* Supporting Files */,
			);
			path = LQJPersonalLesson;
			sourceTree = "<group>";
		};
		B2828BCF1D3FA77F00B0E53F /* Supporting Files */ = {
			isa = PBXGroup;
			children = (
				B2828BD01D3FA77F00B0E53F /* main.m */,
			);
			name = "Supporting Files";
			sourceTree = "<group>";
		};
		B2828BE81D3FA77F00B0E53F /* LQJPersonalLessonTests */ = {
			isa = PBXGroup;
			children = (
				B2828BE91D3FA77F00B0E53F /* LQJPersonalLessonTests.m */,
				B2828BEB1D3FA77F00B0E53F /* Info.plist */,
			);
			path = LQJPersonalLessonTests;
			sourceTree = "<group>";
		};
		B2828BF31D3FA77F00B0E53F /* LQJPersonalLessonUITests */ = {
			isa = PBXGroup;
			children = (
				B2828BF41D3FA77F00B0E53F /* LQJPersonalLessonUITests.m */,
				B2828BF61D3FA77F00B0E53F /* Info.plist */,
			);
			path = LQJPersonalLessonUITests;
			sourceTree = "<group>";
		};
/* End PBXGroup section */

/* Begin PBXNativeTarget section */
		B2828BCB1D3FA77F00B0E53F /* LQJPersonalLesson */ = {
			isa = PBXNativeTarget;
			buildConfigurationList = B2828BF91D3FA77F00B0E53F /* Build configuration list for PBXNativeTarget "LQJPersonalLesson" */;
			buildPhases = (
				B2828BC81D3FA77F00B0E53F /* Sources */,
				B2828BC91D3FA77F00B0E53F /* Frameworks */,
				B2828BCA1D3FA77F00B0E53F /* Resources */,
			);
			buildRules = (
			);
			dependencies = (
			);
			name = LQJPersonalLesson;
			productName = LQJPersonalLesson;
			productReference = B2828BCC1D3FA77F00B0E53F /* LQJPersonalLesson.app */;
			productType = "com.apple.product-type.application";
		};
		B2828BE41D3FA77F00B0E53F /* LQJPersonalLessonTests */ = {
			isa = PBXNativeTarget;
			buildConfigurationList = B2828BFC1D3FA77F00B0E53F /* Build configuration list for PBXNativeTarget "LQJPersonalLessonTests" */;
			buildPhases = (
				B2828BE11D3FA77F00B0E53F /* Sources */,
				B2828BE21D3FA77F00B0E53F /* Frameworks */,
				B2828BE31D3FA77F00B0E53F /* Resources */,
			);
			buildRules = (
			);
			dependencies = (
				B2828BE71D3FA77F00B0E53F /* PBXTargetDependency */,
			);
			name = LQJPersonalLessonTests;
			productName = LQJPersonalLessonTests;
			productReference = B2828BE51D3FA77F00B0E53F /* LQJPersonalLessonTests.xctest */;
			productType = "com.apple.product-type.bundle.unit-test";
		};
		B2828BEF1D3FA77F00B0E53F /* LQJPersonalLessonUITests */ = {
			isa = PBXNativeTarget;
			buildConfigurationList = B2828BFF1D3FA77F00B0E53F /* Build configuration list for PBXNativeTarget "LQJPersonalLessonUITests" */;
			buildPhases = (
				B2828BEC1D3FA77F00B0E53F /* Sources */,
				B2828BED1D3FA77F00B0E53F /* Frameworks */,
				B2828BEE1D3FA77F00B0E53F /* Resources */,
			);
			buildRules = (
			);
			dependencies = (
				B2828BF21D3FA77F00B0E53F /* PBXTargetDependency */,
			);
			name = LQJPersonalLessonUITests;
			productName = LQJPersonalLessonUITests;
			productReference = B2828BF01D3FA77F00B0E53F /* LQJPersonalLessonUITests.xctest */;
			productType = "com.apple.product-type.bundle.ui-testing";
		};
/* End PBXNativeTarget section */

/* Begin PBXProject section */
		B2828BC41D3FA77F00B0E53F /* Project object */ = {
			isa = PBXProject;
			attributes = {
				LastUpgradeCheck = 0730;
				ORGANIZATIONNAME = LiuQiJia;
				TargetAttributes = {
					B2828BCB1D3FA77F00B0E53F = {
						CreatedOnToolsVersion = 7.3.1;
					};
					B2828BE41D3FA77F00B0E53F = {
						CreatedOnToolsVersion = 7.3.1;
						TestTargetID = B2828BCB1D3FA77F00B0E53F;
					};
					B2828BEF1D3FA77F00B0E53F = {
						CreatedOnToolsVersion = 7.3.1;
						TestTargetID = B2828BCB1D3FA77F00B0E53F;
					};
				};
			};
			buildConfigurationList = B2828BC71D3FA77F00B0E53F /* Build configuration list for PBXProject "LQJPersonalLesson" */;
			compatibilityVersion = "Xcode 3.2";
			developmentRegion = English;
			hasScannedForEncodings = 0;
			knownRegions = (
				en,
				Base,
			);
			mainGroup = B2828BC31D3FA77F00B0E53F;
			productRefGroup = B2828BCD1D3FA77F00B0E53F /* Products */;
			projectDirPath = "";
			projectRoot = "";
			targets = (
				B2828BCB1D3FA77F00B0E53F /* LQJPersonalLesson */,
				B2828BE41D3FA77F00B0E53F /* LQJPersonalLessonTests */,
				B2828BEF1D3FA77F00B0E53F /* LQJPersonalLessonUITests */,
			);
		};
/* End PBXProject section */

/* Begin PBXResourcesBuildPhase section */
		B2828BCA1D3FA77F00B0E53F /* Resources */ = {
			isa = PBXResourcesBuildPhase;
			buildActionMask = 2147483647;
			files = (
				B2828BDF1D3FA77F00B0E53F /* LaunchScreen.storyboard in Resources */,
				B2828BDC1D3FA77F00B0E53F /* Assets.xcassets in Resources */,
				B2828BDA1D3FA77F00B0E53F /* Main.storyboard in Resources */,
			);
			runOnlyForDeploymentPostprocessing = 0;
		};
		B2828BE31D3FA77F00B0E53F /* Resources */ = {
			isa = PBXResourcesBuildPhase;
			buildActionMask = 2147483647;
			files = (
			);
			runOnlyForDeploymentPostprocessing = 0;
		};
		B2828BEE1D3FA77F00B0E53F /* Resources */ = {
			isa = PBXResourcesBuildPhase;
			buildActionMask = 2147483647;
			files = (
			);
			runOnlyForDeploymentPostprocessing = 0;
		};
/* End PBXResourcesBuildPhase section */

/* Begin PBXSourcesBuildPhase section */
		B2828BC81D3FA77F00B0E53F /* Sources */ = {
			isa = PBXSourcesBuildPhase;
			buildActionMask = 2147483647;
			files = (
				B2828BD71D3FA77F00B0E53F /* ViewController.m in Sources */,
				B2828BD41D3FA77F00B0E53F /* AppDelegate.m in Sources */,
				B2828BD11D3FA77F00B0E53F /* main.m in Sources */,
			);
			runOnlyForDeploymentPostprocessing = 0;
		};
		B2828BE11D3FA77F00B0E53F /* Sources */ = {
			isa = PBXSourcesBuildPhase;
			buildActionMask = 2147483647;
			files = (
				B2828BEA1D3FA77F00B0E53F /* LQJPersonalLessonTests.m in Sources */,
			);
			runOnlyForDeploymentPostprocessing = 0;
		};
		B2828BEC1D3FA77F00B0E53F /* Sources */ = {
			isa = PBXSourcesBuildPhase;
			buildActionMask = 2147483647;
			files = (
				B2828BF51D3FA77F00B0E53F /* LQJPersonalLessonUITests.m in Sources */,
			);
			runOnlyForDeploymentPostprocessing = 0;
		};
/* End PBXSourcesBuildPhase section */

/* Begin PBXTargetDependency section */
		B2828BE71D3FA77F00B0E53F /* PBXTargetDependency */ = {
			isa = PBXTargetDependency;
			target = B2828BCB1D3FA77F00B0E53F /* LQJPersonalLesson */;
			targetProxy = B2828BE61D3FA77F00B0E53F /* PBXContainerItemProxy */;
		};
		B2828BF21D3FA77F00B0E53F /* PBXTargetDependency */ = {
			isa = PBXTargetDependency;
			target = B2828BCB1D3FA77F00B0E53F /* LQJPersonalLesson */;
			targetProxy = B2828BF11D3FA77F00B0E53F /* PBXContainerItemProxy */;
		};
/* End PBXTargetDependency section */

/* Begin PBXVariantGroup section */
		B2828BD81D3FA77F00B0E53F /* Main.storyboard */ = {
			isa = PBXVariantGroup;
			children = (
				B2828BD91D3FA77F00B0E53F /* Base */,
			);
			name = Main.storyboard;
			sourceTree = "<group>";
		};
		B2828BDD1D3FA77F00B0E53F /* LaunchScreen.storyboard */ = {
			isa = PBXVariantGroup;
			children = (
				B2828BDE1D3FA77F00B0E53F /* Base */,
			);
			name = LaunchScreen.storyboard;
			sourceTree = "<group>";
		};
/* End PBXVariantGroup section */

/* Begin XCBuildConfiguration section */
		B2828BF71D3FA77F00B0E53F /* Debug */ = {
			isa = XCBuildConfiguration;
			buildSettings = {
				ALWAYS_SEARCH_USER_PATHS = NO;
				CLANG_ANALYZER_NONNULL = YES;
				CLANG_CXX_LANGUAGE_STANDARD = "gnu++0x";
				CLANG_CXX_LIBRARY = "libc++";
				CLANG_ENABLE_MODULES = YES;
				CLANG_ENABLE_OBJC_ARC = YES;
				CLANG_WARN_BOOL_CONVERSION = YES;
				CLANG_WARN_CONSTANT_CONVERSION = YES;
				CLANG_WARN_DIRECT_OBJC_ISA_USAGE = YES_ERROR;
				CLANG_WARN_EMPTY_BODY = YES;
				CLANG_WARN_ENUM_CONVERSION = YES;
				CLANG_WARN_INT_CONVERSION = YES;
				CLANG_WARN_OBJC_ROOT_CLASS = YES_ERROR;
				CLANG_WARN_UNREACHABLE_CODE = YES;
				CLANG_WARN__DUPLICATE_METHOD_MATCH = YES;
				"CODE_SIGN_IDENTITY[sdk=iphoneos*]" = "iPhone Developer";
				COPY_PHASE_STRIP = NO;
				DEBUG_INFORMATION_FORMAT = dwarf;
				ENABLE_STRICT_OBJC_MSGSEND = YES;
				ENABLE_TESTABILITY = YES;
				GCC_C_LANGUAGE_STANDARD = gnu99;
				GCC_DYNAMIC_NO_PIC = NO;
				GCC_NO_COMMON_BLOCKS = YES;
				GCC_OPTIMIZATION_LEVEL = 0;
				GCC_PREPROCESSOR_DEFINITIONS = (
					"DEBUG=1",
					"$(inherited)",
				);
				GCC_WARN_64_TO_32_BIT_CONVERSION = YES;
				GCC_WARN_ABOUT_RETURN_TYPE = YES_ERROR;
				GCC_WARN_UNDECLARED_SELECTOR = YES;
				GCC_WARN_UNINITIALIZED_AUTOS = YES_AGGRESSIVE;
				GCC_WARN_UNUSED_FUNCTION = YES;
				GCC_WARN_UNUSED_VARIABLE = YES;
				IPHONEOS_DEPLOYMENT_TARGET = 9.3;
				MTL_ENABLE_DEBUG_INFO = YES;
				ONLY_ACTIVE_ARCH = YES;
				SDKROOT = iphoneos;
				TARGETED_DEVICE_FAMILY = "1,2";
			};
			name = Debug;
		};
		B2828BF81D3FA77F00B0E53F /* Release */ = {
			isa = XCBuildConfiguration;
			buildSettings = {
				ALWAYS_SEARCH_USER_PATHS = NO;
				CLANG_ANALYZER_NONNULL = YES;
				CLANG_CXX_LANGUAGE_STANDARD = "gnu++0x";
				CLANG_CXX_LIBRARY = "libc++";
				CLANG_ENABLE_MODULES = YES;
				CLANG_ENABLE_OBJC_ARC = YES;
				CLANG_WARN_BOOL_CONVERSION = YES;
				CLANG_WARN_CONSTANT_CONVERSION = YES;
				CLANG_WARN_DIRECT_OBJC_ISA_USAGE = YES_ERROR;
				CLANG_WARN_EMPTY_BODY = YES;
				CLANG_WARN_ENUM_CONVERSION = YES;
				CLANG_WARN_INT_CONVERSION = YES;
				CLANG_WARN_OBJC_ROOT_CLASS = YES_ERROR;
				CLANG_WARN_UNREACHABLE_CODE = YES;
				CLANG_WARN__DUPLICATE_METHOD_MATCH = YES;
				"CODE_SIGN_IDENTITY[sdk=iphoneos*]" = "iPhone Developer";
				COPY_PHASE_STRIP = NO;
				DEBUG_INFORMATION_FORMAT = "dwarf-with-dsym";
				ENABLE_NS_ASSERTIONS = NO;
				ENABLE_STRICT_OBJC_MSGSEND = YES;
				GCC_C_LANGUAGE_STANDARD = gnu99;
				GCC_NO_COMMON_BLOCKS = YES;
				GCC_WARN_64_TO_32_BIT_CONVERSION = YES;
				GCC_WARN_ABOUT_RETURN_TYPE = YES_ERROR;
				GCC_WARN_UNDECLARED_SELECTOR = YES;
				GCC_WARN_UNINITIALIZED_AUTOS = YES_AGGRESSIVE;
				GCC_WARN_UNUSED_FUNCTION = YES;
				GCC_WARN_UNUSED_VARIABLE = YES;
				IPHONEOS_DEPLOYMENT_TARGET = 9.3;
				MTL_ENABLE_DEBUG_INFO = NO;
				SDKROOT = iphoneos;
				TARGETED_DEVICE_FAMILY = "1,2";
				VALIDATE_PRODUCT = YES;
			};
			name = Release;
		};
		B2828BFA1D3FA77F00B0E53F /* Debug */ = {
			isa = XCBuildConfiguration;
			buildSettings = {
				ASSETCATALOG_COMPILER_APPICON_NAME = AppIcon;
				INFOPLIST_FILE = LQJPersonalLesson/Info.plist;
				LD_RUNPATH_SEARCH_PATHS = "$(inherited) @executable_path/Frameworks";
				PRODUCT_BUNDLE_IDENTIFIER = com.JK.www.LQJPersonalLesson;
				PRODUCT_NAME = "$(TARGET_NAME)";
			};
			name = Debug;
		};
		B2828BFB1D3FA77F00B0E53F /* Release */ = {
			isa = XCBuildConfiguration;
			buildSettings = {
				ASSETCATALOG_COMPILER_APPICON_NAME = AppIcon;
				INFOPLIST_FILE = LQJPersonalLesson/Info.plist;
				LD_RUNPATH_SEARCH_PATHS = "$(inherited) @executable_path/Frameworks";
				PRODUCT_BUNDLE_IDENTIFIER = com.JK.www.LQJPersonalLesson;
				PRODUCT_NAME = "$(TARGET_NAME)";
			};
			name = Release;
		};
		B2828BFD1D3FA77F00B0E53F /* Debug */ = {
			isa = XCBuildConfiguration;
			buildSettings = {
				BUNDLE_LOADER = "$(TEST_HOST)";
				INFOPLIST_FILE = LQJPersonalLessonTests/Info.plist;
				LD_RUNPATH_SEARCH_PATHS = "$(inherited) @executable_path/Frameworks @loader_path/Frameworks";
				PRODUCT_BUNDLE_IDENTIFIER = com.JK.www.LQJPersonalLessonTests;
				PRODUCT_NAME = "$(TARGET_NAME)";
				TEST_HOST = "$(BUILT_PRODUCTS_DIR)/LQJPersonalLesson.app/LQJPersonalLesson";
			};
			name = Debug;
		};
		B2828BFE1D3FA77F00B0E53F /* Release */ = {
			isa = XCBuildConfiguration;
			buildSettings = {
				BUNDLE_LOADER = "$(TEST_HOST)";
				INFOPLIST_FILE = LQJPersonalLessonTests/Info.plist;
				LD_RUNPATH_SEARCH_PATHS = "$(inherited) @executable_path/Frameworks @loader_path/Frameworks";
				PRODUCT_BUNDLE_IDENTIFIER = com.JK.www.LQJPersonalLessonTests;
				PRODUCT_NAME = "$(TARGET_NAME)";
				TEST_HOST = "$(BUILT_PRODUCTS_DIR)/LQJPersonalLesson.app/LQJPersonalLesson";
			};
			name = Release;
		};
		B2828C001D3FA77F00B0E53F /* Debug */ = {
			isa = XCBuildConfiguration;
			buildSettings = {
				INFOPLIST_FILE = LQJPersonalLessonUITests/Info.plist;
				LD_RUNPATH_SEARCH_PATHS = "$(inherited) @executable_path/Frameworks @loader_path/Frameworks";
				PRODUCT_BUNDLE_IDENTIFIER = com.JK.www.LQJPersonalLessonUITests;
				PRODUCT_NAME = "$(TARGET_NAME)";
				TEST_TARGET_NAME = LQJPersonalLesson;
			};
			name = Debug;
		};
		B2828C011D3FA77F00B0E53F /* Release */ = {
			isa = XCBuildConfiguration;
			buildSettings = {
				INFOPLIST_FILE = LQJPersonalLessonUITests/Info.plist;
				LD_RUNPATH_SEARCH_PATHS = "$(inherited) @executable_path/Frameworks @loader_path/Frameworks";
				PRODUCT_BUNDLE_IDENTIFIER = com.JK.www.LQJPersonalLessonUITests;
				PRODUCT_NAME = "$(TARGET_NAME)";
				TEST_TARGET_NAME = LQJPersonalLesson;
			};
			name = Release;
		};
/* End XCBuildConfiguration section */

/* Begin XCConfigurationList section */
		B2828BC71D3FA77F00B0E53F /* Build configuration list for PBXProject "LQJPersonalLesson" */ = {
			isa = XCConfigurationList;
			buildConfigurations = (
				B2828BF71D3FA77F00B0E53F /* Debug */,
				B2828BF81D3FA77F00B0E53F /* Release */,
			);
			defaultConfigurationIsVisible = 0;
			defaultConfigurationName = Release;
		};
		B2828BF91D3FA77F00B0E53F /* Build configuration list for PBXNativeTarget "LQJPersonalLesson" */ = {
			isa = XCConfigurationList;
			buildConfigurations = (
				B2828BFA1D3FA77F00B0E53F /* Debug */,
				B2828BFB1D3FA77F00B0E53F /* Release */,
			);
			defaultConfigurationIsVisible = 0;
		};
		B2828BFC1D3FA77F00B0E53F /* Build configuration list for PBXNativeTarget "LQJPersonalLessonTests" */ = {
			isa = XCConfigurationList;
			buildConfigurations = (
				B2828BFD1D3FA77F00B0E53F /* Debug */,
				B2828BFE1D3FA77F00B0E53F /* Release */,
			);
			defaultConfigurationIsVisible = 0;
		};
		B2828BFF1D3FA77F00B0E53F /* Build configuration list for PBXNativeTarget "LQJPersonalLessonUITests" */ = {
			isa = XCConfigurationList;
			buildConfigurations = (
				B2828C001D3FA77F00B0E53F /* Debug */,
				B2828C011D3FA77F00B0E53F /* Release */,
			);
			defaultConfigurationIsVisible = 0;
		};
/* End XCConfigurationList section */
	};
	rootObject = B2828BC41D3FA77F00B0E53F /* Project object */;
}
